
Microsoft Visual Studio Solution File, Format Version 12.00
# Visual Studio Version 16
VisualStudioVersion = 16.0.30717.126
MinimumVisualStudioVersion = 10.0.40219.1
Project("{FAE04EC0-301F-11D3-BF4B-00C04F79EFBC}") = "UnitTest_1", "UnitTest_1\UnitTest_1.csproj", "{59BABD23-84D7-44E8-923C-C991854DDDD7}"
EndProject
Project("{FAE04EC0-301F-11D3-BF4B-00C04F79EFBC}") = "UnitTest", "UnitTest\UnitTest.csproj", "{043A97C8-128B-4BF5-AA74-99375A7DF6A0}"
EndProject
Project("{FAE04EC0-301F-11D3-BF4B-00C04F79EFBC}") = "Data", "Data\Data.csproj", "{5E665514-06C8-4F63-B4C0-893A720B0E17}"
EndProject
Project("{FAE04EC0-301F-11D3-BF4B-00C04F79EFBC}") = "BusinessEntitites", "BusinessEntitites\BusinessEntitites.csproj", "{B67B88C8-0042-464C-8E72-19C06375D06B}"
EndProject
Project("{FAE04EC0-301F-11D3-BF4B-00C04F79EFBC}") = "BusinessLogic", "Business\BusinessLogic.csproj", "{14AFEEAD-BC82-4D9D-88F8-D92F916B29C8}"
EndProject
Global
	GlobalSection(SolutionConfigurationPlatforms) = preSolution
		Debug|Any CPU = Debug|Any CPU
		Release|Any CPU = Release|Any CPU
	EndGlobalSection
	GlobalSection(ProjectConfigurationPlatforms) = postSolution
		{59BABD23-84D7-44E8-923C-C991854DDDD7}.Debug|Any CPU.ActiveCfg = Debug|Any CPU
		{59BABD23-84D7-44E8-923C-C991854DDDD7}.Debug|Any CPU.Build.0 = Debug|Any CPU
		{59BABD23-84D7-44E8-923C-C991854DDDD7}.Release|Any CPU.ActiveCfg = Release|Any CPU
		{59BABD23-84D7-44E8-923C-C991854DDDD7}.Release|Any CPU.Build.0 = Release|Any CPU
		{043A97C8-128B-4BF5-AA74-99375A7DF6A0}.Debug|Any CPU.ActiveCfg = Debug|Any CPU
		{043A97C8-128B-4BF5-AA74-99375A7DF6A0}.Debug|Any CPU.Build.0 = Debug|Any CPU
		{043A97C8-128B-4BF5-AA74-99375A7DF6A0}.Release|Any CPU.ActiveCfg = Release|Any CPU
		{043A97C8-128B-4BF5-AA74-99375A7DF6A0}.Release|Any CPU.Build.0 = Release|Any CPU
		{5E665514-06C8-4F63-B4C0-893A720B0E17}.Debug|Any CPU.ActiveCfg = Debug|Any CPU
		{5E665514-06C8-4F63-B4C0-893A720B0E17}.Debug|Any CPU.Build.0 = Debug|Any CPU
		{5E665514-06C8-4F63-B4C0-893A720B0E17}.Release|Any CPU.ActiveCfg = Release|Any CPU
		{5E665514-06C8-4F63-B4C0-893A720B0E17}.Release|Any CPU.Build.0 = Release|Any CPU
		{B67B88C8-0042-464C-8E72-19C06375D06B}.Debug|Any CPU.ActiveCfg = Debug|Any CPU
		{B67B88C8-0042-464C-8E72-19C06375D06B}.Debug|Any CPU.Build.0 = Debug|Any CPU
		{B67B88C8-0042-464C-8E72-19C06375D06B}.Release|Any CPU.ActiveCfg = Release|Any CPU
		{B67B88C8-0042-464C-8E72-19C06375D06B}.Release|Any CPU.Build.0 = Release|Any CPU
		{14AFEEAD-BC82-4D9D-88F8-D92F916B29C8}.Debug|Any CPU.ActiveCfg = Debug|Any CPU
		{14AFEEAD-BC82-4D9D-88F8-D92F916B29C8}.Debug|Any CPU.Build.0 = Debug|Any CPU
		{14AFEEAD-BC82-4D9D-88F8-D92F916B29C8}.Release|Any CPU.ActiveCfg = Release|Any CPU
		{14AFEEAD-BC82-4D9D-88F8-D92F916B29C8}.Release|Any CPU.Build.0 = Release|Any CPU
	EndGlobalSection
	GlobalSection(SolutionProperties) = preSolution
		HideSolutionNode = FALSE
	EndGlobalSection
	GlobalSection(ExtensibilityGlobals) = postSolution
		SolutionGuid = {7C363C42-DA5F-49F7-B4AC-158206A0D58A}
	EndGlobalSection
EndGlobal
